// !$*UTF8*$!
{
	archiveVersion = 1;
	classes = {
	};
	objectVersion = 50;
	objects = {

/* Begin PBXBuildFile section */
		7F39C6A124C0981B00454A28 /* AppDelegate.swift in Sources */ = {isa = PBXBuildFile; fileRef = 7F39C6A024C0981B00454A28 /* AppDelegate.swift */; };
		7F39C6A324C0981B00454A28 /* SceneDelegate.swift in Sources */ = {isa = PBXBuildFile; fileRef = 7F39C6A224C0981B00454A28 /* SceneDelegate.swift */; };
		7F39C6AA24C0981B00454A28 /* Assets.xcassets in Resources */ = {isa = PBXBuildFile; fileRef = 7F39C6A924C0981B00454A28 /* Assets.xcassets */; };
		7F39C6AD24C0981B00454A28 /* LaunchScreen.storyboard in Resources */ = {isa = PBXBuildFile; fileRef = 7F39C6AB24C0981B00454A28 /* LaunchScreen.storyboard */; };
		7F39C6B524C1B6B500454A28 /* ChatList.storyboard in Resources */ = {isa = PBXBuildFile; fileRef = 7F39C6B424C1B6B500454A28 /* ChatList.storyboard */; };
		7F39C6B724C1B77500454A28 /* ChatlistViewController.swift in Sources */ = {isa = PBXBuildFile; fileRef = 7F39C6B624C1B77500454A28 /* ChatlistViewController.swift */; };
		7F39C6BB24C32EE700454A28 /* UIColor-Extention.swift in Sources */ = {isa = PBXBuildFile; fileRef = 7F39C6BA24C32EE700454A28 /* UIColor-Extention.swift */; };
		7F39C6BD24C3329E00454A28 /* ChatRoom.storyboard in Resources */ = {isa = PBXBuildFile; fileRef = 7F39C6BC24C3329E00454A28 /* ChatRoom.storyboard */; };
		7F39C6BF24C3337500454A28 /* ChatRoomViewController.swift in Sources */ = {isa = PBXBuildFile; fileRef = 7F39C6BE24C3337500454A28 /* ChatRoomViewController.swift */; };
		7F39C6C124C33D1400454A28 /* ChatRoomTableViewCell.xib in Resources */ = {isa = PBXBuildFile; fileRef = 7F39C6C024C33D1400454A28 /* ChatRoomTableViewCell.xib */; };
		7F39C6C324C33E5600454A28 /* ChatRoomTableViewCell.swift in Sources */ = {isa = PBXBuildFile; fileRef = 7F39C6C224C33E5600454A28 /* ChatRoomTableViewCell.swift */; };
		7F39C6C824C484BB00454A28 /* ChatInputAccessoryView.xib in Resources */ = {isa = PBXBuildFile; fileRef = 7F39C6C724C484BB00454A28 /* ChatInputAccessoryView.xib */; };
		7F39C6CA24C4862D00454A28 /* ChatInputAccessoryView.swift in Sources */ = {isa = PBXBuildFile; fileRef = 7F39C6C924C4862D00454A28 /* ChatInputAccessoryView.swift */; };
/* End PBXBuildFile section */

/* Begin PBXFileReference section */
		7F39C69D24C0981A00454A28 /* ChatAppWithFirebase.app */ = {isa = PBXFileReference; explicitFileType = wrapper.application; includeInIndex = 0; path = ChatAppWithFirebase.app; sourceTree = BUILT_PRODUCTS_DIR; };
		7F39C6A024C0981B00454A28 /* AppDelegate.swift */ = {isa = PBXFileReference; lastKnownFileType = sourcecode.swift; path = AppDelegate.swift; sourceTree = "<group>"; };
		7F39C6A224C0981B00454A28 /* SceneDelegate.swift */ = {isa = PBXFileReference; lastKnownFileType = sourcecode.swift; path = SceneDelegate.swift; sourceTree = "<group>"; };
		7F39C6A924C0981B00454A28 /* Assets.xcassets */ = {isa = PBXFileReference; lastKnownFileType = folder.assetcatalog; path = Assets.xcassets; sourceTree = "<group>"; };
		7F39C6AC24C0981B00454A28 /* Base */ = {isa = PBXFileReference; lastKnownFileType = file.storyboard; name = Base; path = Base.lproj/LaunchScreen.storyboard; sourceTree = "<group>"; };
		7F39C6AE24C0981B00454A28 /* Info.plist */ = {isa = PBXFileReference; lastKnownFileType = text.plist.xml; path = Info.plist; sourceTree = "<group>"; };
		7F39C6B424C1B6B500454A28 /* ChatList.storyboard */ = {isa = PBXFileReference; lastKnownFileType = file.storyboard; path = ChatList.storyboard; sourceTree = "<group>"; };
		7F39C6B624C1B77500454A28 /* ChatlistViewController.swift */ = {isa = PBXFileReference; lastKnownFileType = sourcecode.swift; path = ChatlistViewController.swift; sourceTree = "<group>"; };
		7F39C6BA24C32EE700454A28 /* UIColor-Extention.swift */ = {isa = PBXFileReference; lastKnownFileType = sourcecode.swift; path = "UIColor-Extention.swift"; sourceTree = "<group>"; };
		7F39C6BC24C3329E00454A28 /* ChatRoom.storyboard */ = {isa = PBXFileReference; lastKnownFileType = file.storyboard; path = ChatRoom.storyboard; sourceTree = "<group>"; };
		7F39C6BE24C3337500454A28 /* ChatRoomViewController.swift */ = {isa = PBXFileReference; lastKnownFileType = sourcecode.swift; path = ChatRoomViewController.swift; sourceTree = "<group>"; };
		7F39C6C024C33D1400454A28 /* ChatRoomTableViewCell.xib */ = {isa = PBXFileReference; lastKnownFileType = file.xib; path = ChatRoomTableViewCell.xib; sourceTree = "<group>"; };
		7F39C6C224C33E5600454A28 /* ChatRoomTableViewCell.swift */ = {isa = PBXFileReference; lastKnownFileType = sourcecode.swift; path = ChatRoomTableViewCell.swift; sourceTree = "<group>"; };
		7F39C6C724C484BB00454A28 /* ChatInputAccessoryView.xib */ = {isa = PBXFileReference; lastKnownFileType = file.xib; path = ChatInputAccessoryView.xib; sourceTree = "<group>"; };
		7F39C6C924C4862D00454A28 /* ChatInputAccessoryView.swift */ = {isa = PBXFileReference; lastKnownFileType = sourcecode.swift; path = ChatInputAccessoryView.swift; sourceTree = "<group>"; };
/* End PBXFileReference section */

/* Begin PBXFrameworksBuildPhase section */
		7F39C69A24C0981A00454A28 /* Frameworks */ = {
			isa = PBXFrameworksBuildPhase;
			buildActionMask = 2147483647;
			files = (
			);
			runOnlyForDeploymentPostprocessing = 0;
		};
/* End PBXFrameworksBuildPhase section */

/* Begin PBXGroup section */
		7F39C69424C0981A00454A28 = {
			isa = PBXGroup;
			children = (
				7F39C69F24C0981B00454A28 /* ChatAppWithFirebase */,
				7F39C69E24C0981A00454A28 /* Products */,
			);
			sourceTree = "<group>";
		};
		7F39C69E24C0981A00454A28 /* Products */ = {
			isa = PBXGroup;
			children = (
				7F39C69D24C0981A00454A28 /* ChatAppWithFirebase.app */,
			);
			name = Products;
			sourceTree = "<group>";
		};
		7F39C69F24C0981B00454A28 /* ChatAppWithFirebase */ = {
			isa = PBXGroup;
			children = (
				7F39C6C624C4846C00454A28 /* Extensions */,
				7F39C6C524C4844D00454A28 /* Views */,
				7F39C6C424C4842100454A28 /* Xibs */,
				7F39C6B924C32E6400454A28 /* StoryBoards */,
				7F39C6B824C32E5200454A28 /* Controllers */,
				7F39C6A024C0981B00454A28 /* AppDelegate.swift */,
				7F39C6A224C0981B00454A28 /* SceneDelegate.swift */,
				7F39C6A924C0981B00454A28 /* Assets.xcassets */,
				7F39C6AB24C0981B00454A28 /* LaunchScreen.storyboard */,
				7F39C6AE24C0981B00454A28 /* Info.plist */,
			);
			path = ChatAppWithFirebase;
			sourceTree = "<group>";
		};
		7F39C6B824C32E5200454A28 /* Controllers */ = {
			isa = PBXGroup;
			children = (
				7F39C6B624C1B77500454A28 /* ChatlistViewController.swift */,
				7F39C6BE24C3337500454A28 /* ChatRoomViewController.swift */,
			);
			path = Controllers;
			sourceTree = "<group>";
		};
		7F39C6B924C32E6400454A28 /* StoryBoards */ = {
			isa = PBXGroup;
			children = (
				7F39C6B424C1B6B500454A28 /* ChatList.storyboard */,
				7F39C6BC24C3329E00454A28 /* ChatRoom.storyboard */,
			);
			path = StoryBoards;
			sourceTree = "<group>";
		};
		7F39C6C424C4842100454A28 /* Xibs */ = {
			isa = PBXGroup;
			children = (
				7F39C6C024C33D1400454A28 /* ChatRoomTableViewCell.xib */,
				7F39C6C724C484BB00454A28 /* ChatInputAccessoryView.xib */,
			);
			path = Xibs;
			sourceTree = "<group>";
		};
		7F39C6C524C4844D00454A28 /* Views */ = {
			isa = PBXGroup;
			children = (
				7F39C6C224C33E5600454A28 /* ChatRoomTableViewCell.swift */,
				7F39C6C924C4862D00454A28 /* ChatInputAccessoryView.swift */,
			);
			path = Views;
			sourceTree = "<group>";
		};
		7F39C6C624C4846C00454A28 /* Extensions */ = {
			isa = PBXGroup;
			children = (
				7F39C6BA24C32EE700454A28 /* UIColor-Extention.swift */,
			);
			path = Extensions;
			sourceTree = "<group>";
		};
/* End PBXGroup section */

/* Begin PBXNativeTarget section */
		7F39C69C24C0981A00454A28 /* ChatAppWithFirebase */ = {
			isa = PBXNativeTarget;
			buildConfigurationList = 7F39C6B124C0981B00454A28 /* Build configuration list for PBXNativeTarget "ChatAppWithFirebase" */;
			buildPhases = (
				7F39C69924C0981A00454A28 /* Sources */,
				7F39C69A24C0981A00454A28 /* Frameworks */,
				7F39C69B24C0981A00454A28 /* Resources */,
			);
			buildRules = (
			);
			dependencies = (
			);
			name = ChatAppWithFirebase;
			productName = ChatAppWithFirebase;
			productReference = 7F39C69D24C0981A00454A28 /* ChatAppWithFirebase.app */;
			productType = "com.apple.product-type.application";
		};
/* End PBXNativeTarget section */

/* Begin PBXProject section */
		7F39C69524C0981A00454A28 /* Project object */ = {
			isa = PBXProject;
			attributes = {
				LastSwiftUpdateCheck = 1160;
				LastUpgradeCheck = 1160;
				ORGANIZATIONNAME = Hiroki;
				TargetAttributes = {
					7F39C69C24C0981A00454A28 = {
						CreatedOnToolsVersion = 11.6;
					};
				};
			};
			buildConfigurationList = 7F39C69824C0981A00454A28 /* Build configuration list for PBXProject "ChatAppWithFirebase" */;
			compatibilityVersion = "Xcode 9.3";
			developmentRegion = en;
			hasScannedForEncodings = 0;
			knownRegions = (
				en,
				Base,
			);
			mainGroup = 7F39C69424C0981A00454A28;
			productRefGroup = 7F39C69E24C0981A00454A28 /* Products */;
			projectDirPath = "";
			projectRoot = "";
			targets = (
				7F39C69C24C0981A00454A28 /* ChatAppWithFirebase */,
			);
		};
/* End PBXProject section */

/* Begin PBXResourcesBuildPhase section */
		7F39C69B24C0981A00454A28 /* Resources */ = {
			isa = PBXResourcesBuildPhase;
			buildActionMask = 2147483647;
			files = (
				7F39C6C124C33D1400454A28 /* ChatRoomTableViewCell.xib in Resources */,
				7F39C6AD24C0981B00454A28 /* LaunchScreen.storyboard in Resources */,
				7F39C6AA24C0981B00454A28 /* Assets.xcassets in Resources */,
				7F39C6B524C1B6B500454A28 /* ChatList.storyboard in Resources */,
				7F39C6C824C484BB00454A28 /* ChatInputAccessoryView.xib in Resources */,
				7F39C6BD24C3329E00454A28 /* ChatRoom.storyboard in Resources */,
			);
			runOnlyForDeploymentPostprocessing = 0;
		};
/* End PBXResourcesBuildPhase section */

/* Begin PBXSourcesBuildPhase section */
		7F39C69924C0981A00454A28 /* Sources */ = {
			isa = PBXSourcesBuildPhase;
			buildActionMask = 2147483647;
			files = (
				7F39C6A124C0981B00454A28 /* AppDelegate.swift in Sources */,
				7F39C6CA24C4862D00454A28 /* ChatInputAccessoryView.swift in Sources */,
				7F39C6B724C1B77500454A28 /* ChatlistViewController.swift in Sources */,
				7F39C6BB24C32EE700454A28 /* UIColor-Extention.swift in Sources */,
				7F39C6BF24C3337500454A28 /* ChatRoomViewController.swift in Sources */,
				7F39C6C324C33E5600454A28 /* ChatRoomTableViewCell.swift in Sources */,
				7F39C6A324C0981B00454A28 /* SceneDelegate.swift in Sources */,
			);
			runOnlyForDeploymentPostprocessing = 0;
		};
/* End PBXSourcesBuildPhase section */

/* Begin PBXVariantGroup section */
		7F39C6AB24C0981B00454A28 /* LaunchScreen.storyboard */ = {
			isa = PBXVariantGroup;
			children = (
				7F39C6AC24C0981B00454A28 /* Base */,
			);
			name = LaunchScreen.storyboard;
			sourceTree = "<group>";
		};
/* End PBXVariantGroup section */

/* Begin XCBuildConfiguration section */
		7F39C6AF24C0981B00454A28 /* Debug */ = {
			isa = XCBuildConfiguration;
			buildSettings = {
				ALWAYS_SEARCH_USER_PATHS = NO;
				CLANG_ANALYZER_NONNULL = YES;
				CLANG_ANALYZER_NUMBER_OBJECT_CONVERSION = YES_AGGRESSIVE;
				CLANG_CXX_LANGUAGE_STANDARD = "gnu++14";
				CLANG_CXX_LIBRARY = "libc++";
				CLANG_ENABLE_MODULES = YES;
				CLANG_ENABLE_OBJC_ARC = YES;
				CLANG_ENABLE_OBJC_WEAK = YES;
				CLANG_WARN_BLOCK_CAPTURE_AUTORELEASING = YES;
				CLANG_WARN_BOOL_CONVERSION = YES;
				CLANG_WARN_COMMA = YES;
				CLANG_WARN_CONSTANT_CONVERSION = YES;
				CLANG_WARN_DEPRECATED_OBJC_IMPLEMENTATIONS = YES;
				CLANG_WARN_DIRECT_OBJC_ISA_USAGE = YES_ERROR;
				CLANG_WARN_DOCUMENTATION_COMMENTS = YES;
				CLANG_WARN_EMPTY_BODY = YES;
				CLANG_WARN_ENUM_CONVERSION = YES;
				CLANG_WARN_INFINITE_RECURSION = YES;
				CLANG_WARN_INT_CONVERSION = YES;
				CLANG_WARN_NON_LITERAL_NULL_CONVERSION = YES;
				CLANG_WARN_OBJC_IMPLICIT_RETAIN_SELF = YES;
				CLANG_WARN_OBJC_LITERAL_CONVERSION = YES;
				CLANG_WARN_OBJC_ROOT_CLASS = YES_ERROR;
				CLANG_WARN_RANGE_LOOP_ANALYSIS = YES;
				CLANG_WARN_STRICT_PROTOTYPES = YES;
				CLANG_WARN_SUSPICIOUS_MOVE = YES;
				CLANG_WARN_UNGUARDED_AVAILABILITY = YES_AGGRESSIVE;
				CLANG_WARN_UNREACHABLE_CODE = YES;
				CLANG_WARN__DUPLICATE_METHOD_MATCH = YES;
				COPY_PHASE_STRIP = NO;
				DEBUG_INFORMATION_FORMAT = dwarf;
				ENABLE_STRICT_OBJC_MSGSEND = YES;
				ENABLE_TESTABILITY = YES;
				GCC_C_LANGUAGE_STANDARD = gnu11;
				GCC_DYNAMIC_NO_PIC = NO;
				GCC_NO_COMMON_BLOCKS = YES;
				GCC_OPTIMIZATION_LEVEL = 0;
				GCC_PREPROCESSOR_DEFINITIONS = (
					"DEBUG=1",
					"$(inherited)",
				);
				GCC_WARN_64_TO_32_BIT_CONVERSION = YES;
				GCC_WARN_ABOUT_RETURN_TYPE = YES_ERROR;
				GCC_WARN_UNDECLARED_SELECTOR = YES;
				GCC_WARN_UNINITIALIZED_AUTOS = YES_AGGRESSIVE;
				GCC_WARN_UNUSED_FUNCTION = YES;
				GCC_WARN_UNUSED_VARIABLE = YES;
				IPHONEOS_DEPLOYMENT_TARGET = 13.6;
				MTL_ENABLE_DEBUG_INFO = INCLUDE_SOURCE;
				MTL_FAST_MATH = YES;
				ONLY_ACTIVE_ARCH = YES;
				SDKROOT = iphoneos;
				SWIFT_ACTIVE_COMPILATION_CONDITIONS = DEBUG;
				SWIFT_OPTIMIZATION_LEVEL = "-Onone";
			};
			name = Debug;
		};
		7F39C6B024C0981B00454A28 /* Release */ = {
			isa = XCBuildConfiguration;
			buildSettings = {
				ALWAYS_SEARCH_USER_PATHS = NO;
				CLANG_ANALYZER_NONNULL = YES;
				CLANG_ANALYZER_NUMBER_OBJECT_CONVERSION = YES_AGGRESSIVE;
				CLANG_CXX_LANGUAGE_STANDARD = "gnu++14";
				CLANG_CXX_LIBRARY = "libc++";
				CLANG_ENABLE_MODULES = YES;
				CLANG_ENABLE_OBJC_ARC = YES;
				CLANG_ENABLE_OBJC_WEAK = YES;
				CLANG_WARN_BLOCK_CAPTURE_AUTORELEASING = YES;
				CLANG_WARN_BOOL_CONVERSION = YES;
				CLANG_WARN_COMMA = YES;
				CLANG_WARN_CONSTANT_CONVERSION = YES;
				CLANG_WARN_DEPRECATED_OBJC_IMPLEMENTATIONS = YES;
				CLANG_WARN_DIRECT_OBJC_ISA_USAGE = YES_ERROR;
				CLANG_WARN_DOCUMENTATION_COMMENTS = YES;
				CLANG_WARN_EMPTY_BODY = YES;
				CLANG_WARN_ENUM_CONVERSION = YES;
				CLANG_WARN_INFINITE_RECURSION = YES;
				CLANG_WARN_INT_CONVERSION = YES;
				CLANG_WARN_NON_LITERAL_NULL_CONVERSION = YES;
				CLANG_WARN_OBJC_IMPLICIT_RETAIN_SELF = YES;
				CLANG_WARN_OBJC_LITERAL_CONVERSION = YES;
				CLANG_WARN_OBJC_ROOT_CLASS = YES_ERROR;
				CLANG_WARN_RANGE_LOOP_ANALYSIS = YES;
				CLANG_WARN_STRICT_PROTOTYPES = YES;
				CLANG_WARN_SUSPICIOUS_MOVE = YES;
				CLANG_WARN_UNGUARDED_AVAILABILITY = YES_AGGRESSIVE;
				CLANG_WARN_UNREACHABLE_CODE = YES;
				CLANG_WARN__DUPLICATE_METHOD_MATCH = YES;
				COPY_PHASE_STRIP = NO;
				DEBUG_INFORMATION_FORMAT = "dwarf-with-dsym";
				ENABLE_NS_ASSERTIONS = NO;
				ENABLE_STRICT_OBJC_MSGSEND = YES;
				GCC_C_LANGUAGE_STANDARD = gnu11;
				GCC_NO_COMMON_BLOCKS = YES;
				GCC_WARN_64_TO_32_BIT_CONVERSION = YES;
				GCC_WARN_ABOUT_RETURN_TYPE = YES_ERROR;
				GCC_WARN_UNDECLARED_SELECTOR = YES;
				GCC_WARN_UNINITIALIZED_AUTOS = YES_AGGRESSIVE;
				GCC_WARN_UNUSED_FUNCTION = YES;
				GCC_WARN_UNUSED_VARIABLE = YES;
				IPHONEOS_DEPLOYMENT_TARGET = 13.6;
				MTL_ENABLE_DEBUG_INFO = NO;
				MTL_FAST_MATH = YES;
				SDKROOT = iphoneos;
				SWIFT_COMPILATION_MODE = wholemodule;
				SWIFT_OPTIMIZATION_LEVEL = "-O";
				VALIDATE_PRODUCT = YES;
			};
			name = Release;
		};
		7F39C6B224C0981B00454A28 /* Debug */ = {
			isa = XCBuildConfiguration;
			buildSettings = {
				ASSETCATALOG_COMPILER_APPICON_NAME = AppIcon;
				CODE_SIGN_STYLE = Automatic;
				DEVELOPMENT_TEAM = K6FA22KGKX;
				INFOPLIST_FILE = ChatAppWithFirebase/Info.plist;
				LD_RUNPATH_SEARCH_PATHS = (
					"$(inherited)",
					"@executable_path/Frameworks",
				);
				PRODUCT_BUNDLE_IDENTIFIER = com.withios.ChatAppWithFirebase;
				PRODUCT_NAME = "$(TARGET_NAME)";
				SWIFT_VERSION = 5.0;
				TARGETED_DEVICE_FAMILY = "1,2";
			};
			name = Debug;
		};
		7F39C6B324C0981B00454A28 /* Release */ = {
			isa = XCBuildConfiguration;
			buildSettings = {
				ASSETCATALOG_COMPILER_APPICON_NAME = AppIcon;
				CODE_SIGN_STYLE = Automatic;
				DEVELOPMENT_TEAM = K6FA22KGKX;
				INFOPLIST_FILE = ChatAppWithFirebase/Info.plist;
				LD_RUNPATH_SEARCH_PATHS = (
					"$(inherited)",
					"@executable_path/Frameworks",
				);
				PRODUCT_BUNDLE_IDENTIFIER = com.withios.ChatAppWithFirebase;
				PRODUCT_NAME = "$(TARGET_NAME)";
				SWIFT_VERSION = 5.0;
				TARGETED_DEVICE_FAMILY = "1,2";
			};
			name = Release;
		};
/* End XCBuildConfiguration section */

/* Begin XCConfigurationList section */
		7F39C69824C0981A00454A28 /* Build configuration list for PBXProject "ChatAppWithFirebase" */ = {
			isa = XCConfigurationList;
			buildConfigurations = (
				7F39C6AF24C0981B00454A28 /* Debug */,
				7F39C6B024C0981B00454A28 /* Release */,
			);
			defaultConfigurationIsVisible = 0;
			defaultConfigurationName = Release;
		};
		7F39C6B124C0981B00454A28 /* Build configuration list for PBXNativeTarget "ChatAppWithFirebase" */ = {
			isa = XCConfigurationList;
			buildConfigurations = (
				7F39C6B224C0981B00454A28 /* Debug */,
				7F39C6B324C0981B00454A28 /* Release */,
			);
			defaultConfigurationIsVisible = 0;
			defaultConfigurationName = Release;
		};
/* End XCConfigurationList section */
	};
	rootObject = 7F39C69524C0981A00454A28 /* Project object */;
}
